
Microsoft Visual Studio Solution File, Format Version 12.00
# Visual Studio Version 16
VisualStudioVersion = 16.0.31112.23
MinimumVisualStudioVersion = 10.0.40219.1
Project("{9A19103F-16F7-4668-BE54-9A1E7A4F7556}") = "BRIOTestApp", "BRIOTestApp\BRIOTestApp.csproj", "{0820FCAE-17DC-4B8D-A3B3-BD7EEFB4DEFC}"
EndProject
Global
	GlobalSection(SolutionConfigurationPlatforms) = preSolution
		Debug|Any CPU = Debug|Any CPU
		Release|Any CPU = Release|Any CPU
	EndGlobalSection
	GlobalSection(ProjectConfigurationPlatforms) = postSolution
		{0820FCAE-17DC-4B8D-A3B3-BD7EEFB4DEFC}.Debug|Any CPU.ActiveCfg = Debug|Any CPU
		{0820FCAE-17DC-4B8D-A3B3-BD7EEFB4DEFC}.Debug|Any CPU.Build.0 = Debug|Any CPU
		{0820FCAE-17DC-4B8D-A3B3-BD7EEFB4DEFC}.Release|Any CPU.ActiveCfg = Release|Any CPU
		{0820FCAE-17DC-4B8D-A3B3-BD7EEFB4DEFC}.Release|Any CPU.Build.0 = Release|Any CPU
	EndGlobalSection
	GlobalSection(SolutionProperties) = preSolution
		HideSolutionNode = FALSE
	EndGlobalSection
	GlobalSection(ExtensibilityGlobals) = postSolution
		SolutionGuid = {8B97C95E-BECA-44DF-89E6-5B6C1DE2918F}
	EndGlobalSection
EndGlobal
